PODS:
  - ffmpeg_kit_flutter_new (1.0.0):
    - ffmpeg_kit_flutter_new/full-gpl (= 1.0.0)
    - Flutter
  - ffmpeg_kit_flutter_new/full-gpl (1.0.0):
    - Flutter
  - Flutter (1.0.0)
  - flutter_archive (0.0.1):
    - Flutter
    - ZIPFoundation (= 0.9.19)
  - flutter_native_video_trimmer (1.0.0):
    - Flutter
  - get_thumbnail_video (0.0.1):
    - Flutter
    - libwebp
  - libwebp (1.6.0):
    - libwebp/demux (= 1.6.0)
    - libwebp/mux (= 1.6.0)
    - libwebp/sharpyuv (= 1.6.0)
    - libwebp/webp (= 1.6.0)
  - libwebp/demux (1.6.0):
    - libwebp/webp
  - libwebp/mux (1.6.0):
    - libwebp/demux
  - libwebp/sharpyuv (1.6.0)
  - libwebp/webp (1.6.0):
    - libwebp/sharpyuv
  - open_filex (0.0.2):
    - Flutter
  - video_thumbnail (0.0.1):
    - Flutter
    - libwebp
  - ZIPFoundation (0.9.19)

DEPENDENCIES:
  - ffmpeg_kit_flutter_new (from `.symlinks/plugins/ffmpeg_kit_flutter_new/ios`)
  - Flutter (from `Flutter`)
  - flutter_archive (from `.symlinks/plugins/flutter_archive/ios`)
  - flutter_native_video_trimmer (from `.symlinks/plugins/flutter_native_video_trimmer/ios`)
  - get_thumbnail_video (from `.symlinks/plugins/get_thumbnail_video/ios`)
  - open_filex (from `.symlinks/plugins/open_filex/ios`)
  - video_thumbnail (from `.symlinks/plugins/video_thumbnail/ios`)

SPEC REPOS:
  trunk:
    - libwebp
    - ZIPFoundation

EXTERNAL SOURCES:
  ffmpeg_kit_flutter_new:
    :path: ".symlinks/plugins/ffmpeg_kit_flutter_new/ios"
  Flutter:
    :path: Flutter
  flutter_archive:
    :path: ".symlinks/plugins/flutter_archive/ios"
  flutter_native_video_trimmer:
    :path: ".symlinks/plugins/flutter_native_video_trimmer/ios"
  get_thumbnail_video:
    :path: ".symlinks/plugins/get_thumbnail_video/ios"
  open_filex:
    :path: ".symlinks/plugins/open_filex/ios"
  video_thumbnail:
    :path: ".symlinks/plugins/video_thumbnail/ios"

SPEC CHECKSUMS:
  ffmpeg_kit_flutter_new: 12426a19f10ac81186c67c6ebc4717f8f4364b7f
  Flutter: cabc95a1d2626b1b06e7179b784ebcf0c0cde467
  flutter_archive: ad8edfd7f7d1bb12058d05424ba93e27d9930efe
  flutter_native_video_trimmer: 11f6c679971dc3844519b485b9c878df8675ae3a
  get_thumbnail_video: 1a754d46b860dffefcc57b7290a43089cd5d7e58
  libwebp: af5937a13536ef73f3784d69cc342b98961acf33
  open_filex: 432f3cd11432da3e39f47fcc0df2b1603854eff1
  video_thumbnail: b637e0ad5f588ca9945f6e2c927f73a69a661140
  ZIPFoundation: b8c29ea7ae353b309bc810586181fd073cb3312c

PODFILE CHECKSUM: 1723d4a379f06df5688b6fc71e3a0301b720dee9

COCOAPODS: 1.17.0
