PODS:
  - camera_avfoundation (0.0.1):
    - Flutter
  - device_info_plus (0.0.1):
    - Flutter
  - dual_cameras_ios (0.1.0):
    - Flutter
  - ffmpeg_kit_flutter_new (8.1.2):
    - ffmpeg_kit_flutter_new/full-gpl (= 8.1.2)
    - Flutter
  - ffmpeg_kit_flutter_new/full-gpl (8.1.2):
    - Flutter
  - Flutter (1.0.0)
  - flutter_archive (0.0.1):
    - Flutter
    - ZIPFoundation (= 0.9.19)
  - flutter_email_sender (0.0.1):
    - Flutter
  - flutter_local_notifications (0.0.1):
    - Flutter
  - flutter_timezone (0.0.1):
    - Flutter
  - geocoding_ios (1.0.5):
    - Flutter
  - geolocator_apple (1.2.0):
    - Flutter
    - FlutterMacOS
  - get_thumbnail_video (0.0.1):
    - Flutter
    - libwebp
  - image_picker_ios (0.0.1):
    - Flutter
  - libwebp (1.6.0):
    - libwebp/demux (= 1.6.0)
    - libwebp/mux (= 1.6.0)
    - libwebp/sharpyuv (= 1.6.0)
    - libwebp/webp (= 1.6.0)
  - libwebp/demux (1.6.0):
    - libwebp/webp
  - libwebp/mux (1.6.0):
    - libwebp/demux
  - libwebp/sharpyuv (1.6.0)
  - libwebp/webp (1.6.0):
    - libwebp/sharpyuv
  - native_device_orientation (0.0.1):
    - Flutter
  - package_info_plus (0.4.5):
    - Flutter
  - permission_handler_apple (9.4.8):
    - Flutter
  - photo_manager (3.9.0):
    - Flutter
    - FlutterMacOS
  - share_plus (0.0.1):
    - Flutter
  - shared_preferences_foundation (0.0.1):
    - Flutter
    - FlutterMacOS
  - url_launcher_ios (0.0.1):
    - Flutter
  - video_player_avfoundation (0.0.1):
    - Flutter
    - FlutterMacOS
  - wakelock_plus (0.0.1):
    - Flutter
  - ZIPFoundation (0.9.19)

DEPENDENCIES:
  - camera_avfoundation (from `.symlinks/plugins/camera_avfoundation/ios`)
  - device_info_plus (from `.symlinks/plugins/device_info_plus/ios`)
  - dual_cameras_ios (from `.symlinks/plugins/dual_cameras_ios/ios`)
  - ffmpeg_kit_flutter_new (from `.symlinks/plugins/ffmpeg_kit_flutter_new/ios`)
  - Flutter (from `Flutter`)
  - flutter_archive (from `.symlinks/plugins/flutter_archive/ios`)
  - flutter_email_sender (from `.symlinks/plugins/flutter_email_sender/ios`)
  - flutter_local_notifications (from `.symlinks/plugins/flutter_local_notifications/ios`)
  - flutter_timezone (from `.symlinks/plugins/flutter_timezone/ios`)
  - geocoding_ios (from `.symlinks/plugins/geocoding_ios/ios`)
  - geolocator_apple (from `.symlinks/plugins/geolocator_apple/darwin`)
  - get_thumbnail_video (from `.symlinks/plugins/get_thumbnail_video/ios`)
  - image_picker_ios (from `.symlinks/plugins/image_picker_ios/ios`)
  - native_device_orientation (from `.symlinks/plugins/native_device_orientation/ios`)
  - package_info_plus (from `.symlinks/plugins/package_info_plus/ios`)
  - permission_handler_apple (from `.symlinks/plugins/permission_handler_apple/ios`)
  - photo_manager (from `.symlinks/plugins/photo_manager/darwin`)
  - share_plus (from `.symlinks/plugins/share_plus/ios`)
  - shared_preferences_foundation (from `.symlinks/plugins/shared_preferences_foundation/darwin`)
  - url_launcher_ios (from `.symlinks/plugins/url_launcher_ios/ios`)
  - video_player_avfoundation (from `.symlinks/plugins/video_player_avfoundation/darwin`)
  - wakelock_plus (from `.symlinks/plugins/wakelock_plus/ios`)

SPEC REPOS:
  trunk:
    - libwebp
    - ZIPFoundation

EXTERNAL SOURCES:
  camera_avfoundation:
    :path: ".symlinks/plugins/camera_avfoundation/ios"
  device_info_plus:
    :path: ".symlinks/plugins/device_info_plus/ios"
  dual_cameras_ios:
    :path: ".symlinks/plugins/dual_cameras_ios/ios"
  ffmpeg_kit_flutter_new:
    :path: ".symlinks/plugins/ffmpeg_kit_flutter_new/ios"
  Flutter:
    :path: Flutter
  flutter_archive:
    :path: ".symlinks/plugins/flutter_archive/ios"
  flutter_email_sender:
    :path: ".symlinks/plugins/flutter_email_sender/ios"
  flutter_local_notifications:
    :path: ".symlinks/plugins/flutter_local_notifications/ios"
  flutter_timezone:
    :path: ".symlinks/plugins/flutter_timezone/ios"
  geocoding_ios:
    :path: ".symlinks/plugins/geocoding_ios/ios"
  geolocator_apple:
    :path: ".symlinks/plugins/geolocator_apple/darwin"
  get_thumbnail_video:
    :path: ".symlinks/plugins/get_thumbnail_video/ios"
  image_picker_ios:
    :path: ".symlinks/plugins/image_picker_ios/ios"
  native_device_orientation:
    :path: ".symlinks/plugins/native_device_orientation/ios"
  package_info_plus:
    :path: ".symlinks/plugins/package_info_plus/ios"
  permission_handler_apple:
    :path: ".symlinks/plugins/permission_handler_apple/ios"
  photo_manager:
    :path: ".symlinks/plugins/photo_manager/darwin"
  share_plus:
    :path: ".symlinks/plugins/share_plus/ios"
  shared_preferences_foundation:
    :path: ".symlinks/plugins/shared_preferences_foundation/darwin"
  url_launcher_ios:
    :path: ".symlinks/plugins/url_launcher_ios/ios"
  video_player_avfoundation:
    :path: ".symlinks/plugins/video_player_avfoundation/darwin"
  wakelock_plus:
    :path: ".symlinks/plugins/wakelock_plus/ios"

SPEC CHECKSUMS:
  camera_avfoundation: 968a9a5323c79a99c166ad9d7866bfd2047b5a9b
  device_info_plus: 21fcca2080fbcd348be798aa36c3e5ed849eefbe
  dual_cameras_ios: b1540fc2d7c47290e79da2379ab256b976e94209
  ffmpeg_kit_flutter_new: 8e5a0264340036d40065839eeba280efae216c47
  Flutter: 71a624a5bc0c04062bf19101d501e466baf2fb47
  flutter_archive: ad8edfd7f7d1bb12058d05424ba93e27d9930efe
  flutter_email_sender: aa1e9772696691d02cd91fea829856c11efb8e58
  flutter_local_notifications: 643a3eda1ce1c0599413ca31672536d423dee214
  flutter_timezone: 7c838e17ffd4645d261e87037e5bebf6d38fe544
  geocoding_ios: 33776c9ebb98d037b5e025bb0e7537f6dd19646e
  geolocator_apple: ab36aa0e8b7d7a2d7639b3b4e48308394e8cef5e
  get_thumbnail_video: 1a754d46b860dffefcc57b7290a43089cd5d7e58
  image_picker_ios: e0ece4aa2a75771a7de3fa735d26d90817041326
  libwebp: af5937a13536ef73f3784d69cc342b98961acf33
  native_device_orientation: f3ba5f2ddbab3deee23a5f6693b4f97b02dafea2
  package_info_plus: af8e2ca6888548050f16fa2f1938db7b5a5df499
  permission_handler_apple: 92d754bbaa7361d436db2d6c3c1c2a0fdcec462e
  photo_manager: 25fd77df14f4f0ba5ef99e2c61814dde77e2bceb
  share_plus: 50da8cb520a8f0f65671c6c6a99b3617ed10a58a
  shared_preferences_foundation: 7036424c3d8ec98dfe75ff1667cb0cd531ec82bb
  url_launcher_ios: 7a95fa5b60cc718a708b8f2966718e93db0cef1b
  video_player_avfoundation: 3453f792138786248960ca029747fcd9f318ef52
  wakelock_plus: e29112ab3ef0b318e58cfa5c32326458be66b556
  ZIPFoundation: b8c29ea7ae353b309bc810586181fd073cb3312c

PODFILE CHECKSUM: f8d4ad4bdfb1e46a1e53f3440d0e64e22ef44888

COCOAPODS: 1.16.2
